
Microsoft Visual Studio Solution File, Format Version 12.00
# Visual Studio 15
VisualStudioVersion = 15.0.28010.2019
MinimumVisualStudioVersion = 10.0.40219.1
Project("{FAE04EC0-301F-11D3-BF4B-00C04F79EFBC}") = "BPDZ", "BPDZ\BPDZ.csproj", "{A61ABD95-D639-4F99-85CB-E4D77259E26E}"
EndProject
Global
	GlobalSection(SolutionConfigurationPlatforms) = preSolution
		Debug|Any CPU = Debug|Any CPU
		Release|Any CPU = Release|Any CPU
	EndGlobalSection
	GlobalSection(ProjectConfigurationPlatforms) = postSolution
		{A61ABD95-D639-4F99-85CB-E4D77259E26E}.Debug|Any CPU.ActiveCfg = Debug|Any CPU
		{A61ABD95-D639-4F99-85CB-E4D77259E26E}.Debug|Any CPU.Build.0 = Debug|Any CPU
		{A61ABD95-D639-4F99-85CB-E4D77259E26E}.Release|Any CPU.ActiveCfg = Release|Any CPU
		{A61ABD95-D639-4F99-85CB-E4D77259E26E}.Release|Any CPU.Build.0 = Release|Any CPU
	EndGlobalSection
	GlobalSection(SolutionProperties) = preSolution
		HideSolutionNode = FALSE
	EndGlobalSection
	GlobalSection(ExtensibilityGlobals) = postSolution
		SolutionGuid = {D7B7411F-8B4E-4BA6-B4A2-C1F73398CEB0}
	EndGlobalSection
EndGlobal
